
Microsoft Visual Studio Solution File, Format Version 12.00
# Visual Studio 2013
VisualStudioVersion = 12.0.31101.0
MinimumVisualStudioVersion = 10.0.40219.1
Project("{E24C65DC-7377-472B-9ABA-BC803B73C61A}") = "Pilha Lifo", "Pilha Lifo\", "{ED5309EB-B66F-4DBD-BE55-0140F96C113D}"
	ProjectSection(WebsiteProperties) = preProject
		TargetFrameworkMoniker = ".NETFramework,Version%3Dv4.5"
		Debug.AspNetCompiler.VirtualPath = "/localhost_58225"
		Debug.AspNetCompiler.PhysicalPath = "Pilha Lifo\"
		Debug.AspNetCompiler.TargetPath = "PrecompiledWeb\localhost_58225\"
		Debug.AspNetCompiler.Updateable = "true"
		Debug.AspNetCompiler.ForceOverwrite = "true"
		Debug.AspNetCompiler.FixedNames = "false"
		Debug.AspNetCompiler.Debug = "True"
		Release.AspNetCompiler.VirtualPath = "/localhost_58225"
		Release.AspNetCompiler.PhysicalPath = "Pilha Lifo\"
		Release.AspNetCompiler.TargetPath = "PrecompiledWeb\localhost_58225\"
		Release.AspNetCompiler.Updateable = "true"
		Release.AspNetCompiler.ForceOverwrite = "true"
		Release.AspNetCompiler.FixedNames = "false"
		Release.AspNetCompiler.Debug = "False"
		VWDPort = "58225"
		SlnRelativePath = "Pilha Lifo\"
		DefaultWebSiteLanguage = "Visual C#"
	EndProjectSection
EndProject
Global
	GlobalSection(SolutionConfigurationPlatforms) = preSolution
		Debug|Any CPU = Debug|Any CPU
	EndGlobalSection
	GlobalSection(ProjectConfigurationPlatforms) = postSolution
		{ED5309EB-B66F-4DBD-BE55-0140F96C113D}.Debug|Any CPU.ActiveCfg = Debug|Any CPU
		{ED5309EB-B66F-4DBD-BE55-0140F96C113D}.Debug|Any CPU.Build.0 = Debug|Any CPU
	EndGlobalSection
	GlobalSection(SolutionProperties) = preSolution
		HideSolutionNode = FALSE
	EndGlobalSection
	GlobalSection(ExtensibilityGlobals) = postSolution
		SolutionGuid = {6ACDF27E-6A69-4761-A89A-5134CF6010FB}
	EndGlobalSection
EndGlobal
